
Microsoft Visual Studio Solution File, Format Version 12.00
# Visual Studio Version 16
VisualStudioVersion = 16.0.30717.126
MinimumVisualStudioVersion = 10.0.40219.1
Project("{FAE04EC0-301F-11D3-BF4B-00C04F79EFBC}") = "TRMDataManager", "TRMDataManager\TRMDataManager.csproj", "{FE8665E3-D20D-4F28-B6EC-CFA2866658DC}"
EndProject
Project("{00D1A9C2-B5F0-4AF3-8072-F6C62B433612}") = "TRMData", "TRMData\TRMData.sqlproj", "{AC9E2DF6-1E97-4BF4-85EC-F0E08CFC2D45}"
EndProject
Project("{FAE04EC0-301F-11D3-BF4B-00C04F79EFBC}") = "TRMDesktopUI", "TRMDesktopUI\TRMDesktopUI.csproj", "{46F53DCB-4053-4E4A-A9AB-2AC81660A4CD}"
EndProject
Project("{FAE04EC0-301F-11D3-BF4B-00C04F79EFBC}") = "TRMDataManager.Library", "TRMDataManager.Library\TRMDataManager.Library.csproj", "{1337CF54-A7FA-4E19-A668-AE7F1FBAC74C}"
EndProject
Global
	GlobalSection(SolutionConfigurationPlatforms) = preSolution
		Debug|Any CPU = Debug|Any CPU
		Release|Any CPU = Release|Any CPU
	EndGlobalSection
	GlobalSection(ProjectConfigurationPlatforms) = postSolution
		{FE8665E3-D20D-4F28-B6EC-CFA2866658DC}.Debug|Any CPU.ActiveCfg = Debug|Any CPU
		{FE8665E3-D20D-4F28-B6EC-CFA2866658DC}.Debug|Any CPU.Build.0 = Debug|Any CPU
		{FE8665E3-D20D-4F28-B6EC-CFA2866658DC}.Release|Any CPU.ActiveCfg = Release|Any CPU
		{FE8665E3-D20D-4F28-B6EC-CFA2866658DC}.Release|Any CPU.Build.0 = Release|Any CPU
		{AC9E2DF6-1E97-4BF4-85EC-F0E08CFC2D45}.Debug|Any CPU.ActiveCfg = Debug|Any CPU
		{AC9E2DF6-1E97-4BF4-85EC-F0E08CFC2D45}.Debug|Any CPU.Build.0 = Debug|Any CPU
		{AC9E2DF6-1E97-4BF4-85EC-F0E08CFC2D45}.Debug|Any CPU.Deploy.0 = Debug|Any CPU
		{AC9E2DF6-1E97-4BF4-85EC-F0E08CFC2D45}.Release|Any CPU.ActiveCfg = Release|Any CPU
		{AC9E2DF6-1E97-4BF4-85EC-F0E08CFC2D45}.Release|Any CPU.Build.0 = Release|Any CPU
		{AC9E2DF6-1E97-4BF4-85EC-F0E08CFC2D45}.Release|Any CPU.Deploy.0 = Release|Any CPU
		{46F53DCB-4053-4E4A-A9AB-2AC81660A4CD}.Debug|Any CPU.ActiveCfg = Debug|Any CPU
		{46F53DCB-4053-4E4A-A9AB-2AC81660A4CD}.Debug|Any CPU.Build.0 = Debug|Any CPU
		{46F53DCB-4053-4E4A-A9AB-2AC81660A4CD}.Release|Any CPU.ActiveCfg = Release|Any CPU
		{46F53DCB-4053-4E4A-A9AB-2AC81660A4CD}.Release|Any CPU.Build.0 = Release|Any CPU
		{1337CF54-A7FA-4E19-A668-AE7F1FBAC74C}.Debug|Any CPU.ActiveCfg = Debug|Any CPU
		{1337CF54-A7FA-4E19-A668-AE7F1FBAC74C}.Debug|Any CPU.Build.0 = Debug|Any CPU
		{1337CF54-A7FA-4E19-A668-AE7F1FBAC74C}.Release|Any CPU.ActiveCfg = Release|Any CPU
		{1337CF54-A7FA-4E19-A668-AE7F1FBAC74C}.Release|Any CPU.Build.0 = Release|Any CPU
	EndGlobalSection
	GlobalSection(SolutionProperties) = preSolution
		HideSolutionNode = FALSE
	EndGlobalSection
	GlobalSection(ExtensibilityGlobals) = postSolution
		SolutionGuid = {F574667F-B54C-44B6-B8B7-C4F0A0CD0AB1}
	EndGlobalSection
EndGlobal
