
Microsoft Visual Studio Solution File, Format Version 12.00
# Visual Studio Version 16
VisualStudioVersion = 16.0.30717.126
MinimumVisualStudioVersion = 10.0.40219.1
Project("{00D1A9C2-B5F0-4AF3-8072-F6C62B433612}") = "TRMData", "TRMData\TRMData.sqlproj", "{AC9E2DF6-1E97-4BF4-85EC-F0E08CFC2D45}"
EndProject
Project("{9A19103F-16F7-4668-BE54-9A1E7A4F7556}") = "TRMDesktopUI", "TRMDesktopUI\TRMDesktopUI.csproj", "{46F53DCB-4053-4E4A-A9AB-2AC81660A4CD}"
EndProject
Project("{9A19103F-16F7-4668-BE54-9A1E7A4F7556}") = "TRMDataManager.Library", "TRMDataManager.Library\TRMDataManager.Library.csproj", "{1337CF54-A7FA-4E19-A668-AE7F1FBAC74C}"
EndProject
Project("{9A19103F-16F7-4668-BE54-9A1E7A4F7556}") = "TRMDesktopUI.Library", "TRMDesktopUI.Library\TRMDesktopUI.Library.csproj", "{369A1EBD-F38A-46F5-8E22-0AA512C634E9}"
EndProject
Project("{2150E333-8FDC-42A3-9474-1A3956D46DE8}") = "Database", "Database", "{E2A2F370-CF73-45A1-BE61-C338A812689C}"
EndProject
Project("{2150E333-8FDC-42A3-9474-1A3956D46DE8}") = "API", "API", "{1DA42280-2A9F-4D4C-BAB1-B8BF15529F5D}"
EndProject
Project("{2150E333-8FDC-42A3-9474-1A3956D46DE8}") = "WPF", "WPF", "{E472FA0D-C4B3-414F-8195-AD5D0D7B9FE1}"
EndProject
Project("{9A19103F-16F7-4668-BE54-9A1E7A4F7556}") = "TRMApi", "TRMApi\TRMApi.csproj", "{E1BE1D99-88DC-4B62-BFFE-4AD4CCD3D747}"
EndProject
Global
	GlobalSection(SolutionConfigurationPlatforms) = preSolution
		Debug|Any CPU = Debug|Any CPU
		Release|Any CPU = Release|Any CPU
	EndGlobalSection
	GlobalSection(ProjectConfigurationPlatforms) = postSolution
		{AC9E2DF6-1E97-4BF4-85EC-F0E08CFC2D45}.Debug|Any CPU.ActiveCfg = Debug|Any CPU
		{AC9E2DF6-1E97-4BF4-85EC-F0E08CFC2D45}.Debug|Any CPU.Build.0 = Debug|Any CPU
		{AC9E2DF6-1E97-4BF4-85EC-F0E08CFC2D45}.Debug|Any CPU.Deploy.0 = Debug|Any CPU
		{AC9E2DF6-1E97-4BF4-85EC-F0E08CFC2D45}.Release|Any CPU.ActiveCfg = Release|Any CPU
		{AC9E2DF6-1E97-4BF4-85EC-F0E08CFC2D45}.Release|Any CPU.Build.0 = Release|Any CPU
		{AC9E2DF6-1E97-4BF4-85EC-F0E08CFC2D45}.Release|Any CPU.Deploy.0 = Release|Any CPU
		{46F53DCB-4053-4E4A-A9AB-2AC81660A4CD}.Debug|Any CPU.ActiveCfg = Debug|Any CPU
		{46F53DCB-4053-4E4A-A9AB-2AC81660A4CD}.Debug|Any CPU.Build.0 = Debug|Any CPU
		{46F53DCB-4053-4E4A-A9AB-2AC81660A4CD}.Release|Any CPU.ActiveCfg = Release|Any CPU
		{46F53DCB-4053-4E4A-A9AB-2AC81660A4CD}.Release|Any CPU.Build.0 = Release|Any CPU
		{1337CF54-A7FA-4E19-A668-AE7F1FBAC74C}.Debug|Any CPU.ActiveCfg = Debug|Any CPU
		{1337CF54-A7FA-4E19-A668-AE7F1FBAC74C}.Debug|Any CPU.Build.0 = Debug|Any CPU
		{1337CF54-A7FA-4E19-A668-AE7F1FBAC74C}.Release|Any CPU.ActiveCfg = Release|Any CPU
		{1337CF54-A7FA-4E19-A668-AE7F1FBAC74C}.Release|Any CPU.Build.0 = Release|Any CPU
		{369A1EBD-F38A-46F5-8E22-0AA512C634E9}.Debug|Any CPU.ActiveCfg = Debug|Any CPU
		{369A1EBD-F38A-46F5-8E22-0AA512C634E9}.Debug|Any CPU.Build.0 = Debug|Any CPU
		{369A1EBD-F38A-46F5-8E22-0AA512C634E9}.Release|Any CPU.ActiveCfg = Release|Any CPU
		{369A1EBD-F38A-46F5-8E22-0AA512C634E9}.Release|Any CPU.Build.0 = Release|Any CPU
		{E1BE1D99-88DC-4B62-BFFE-4AD4CCD3D747}.Debug|Any CPU.ActiveCfg = Debug|Any CPU
		{E1BE1D99-88DC-4B62-BFFE-4AD4CCD3D747}.Debug|Any CPU.Build.0 = Debug|Any CPU
		{E1BE1D99-88DC-4B62-BFFE-4AD4CCD3D747}.Release|Any CPU.ActiveCfg = Release|Any CPU
		{E1BE1D99-88DC-4B62-BFFE-4AD4CCD3D747}.Release|Any CPU.Build.0 = Release|Any CPU
	EndGlobalSection
	GlobalSection(SolutionProperties) = preSolution
		HideSolutionNode = FALSE
	EndGlobalSection
	GlobalSection(NestedProjects) = preSolution
		{AC9E2DF6-1E97-4BF4-85EC-F0E08CFC2D45} = {E2A2F370-CF73-45A1-BE61-C338A812689C}
		{46F53DCB-4053-4E4A-A9AB-2AC81660A4CD} = {E472FA0D-C4B3-414F-8195-AD5D0D7B9FE1}
		{1337CF54-A7FA-4E19-A668-AE7F1FBAC74C} = {1DA42280-2A9F-4D4C-BAB1-B8BF15529F5D}
		{369A1EBD-F38A-46F5-8E22-0AA512C634E9} = {E472FA0D-C4B3-414F-8195-AD5D0D7B9FE1}
		{E1BE1D99-88DC-4B62-BFFE-4AD4CCD3D747} = {1DA42280-2A9F-4D4C-BAB1-B8BF15529F5D}
	EndGlobalSection
	GlobalSection(ExtensibilityGlobals) = postSolution
		SolutionGuid = {F574667F-B54C-44B6-B8B7-C4F0A0CD0AB1}
	EndGlobalSection
EndGlobal
